
Microsoft Visual Studio Solution File, Format Version 12.00
# Visual Studio Version 17
VisualStudioVersion = 17.13.35931.197 d17.13
MinimumVisualStudioVersion = 10.0.40219.1
Project("{FAE04EC0-301F-11D3-BF4B-00C04F79EFBC}") = "MangoApi", "MangoApi.csproj", "{1F742DE0-273C-44D7-9FDA-71C6B1B33425}"
EndProject
Global
	GlobalSection(SolutionConfigurationPlatforms) = preSolution
		Debug|Any CPU = Debug|Any CPU
		Release|Any CPU = Release|Any CPU
	EndGlobalSection
	GlobalSection(ProjectConfigurationPlatforms) = postSolution
		{1F742DE0-273C-44D7-9FDA-71C6B1B33425}.Debug|Any CPU.ActiveCfg = Debug|Any CPU
		{1F742DE0-273C-44D7-9FDA-71C6B1B33425}.Debug|Any CPU.Build.0 = Debug|Any CPU
		{1F742DE0-273C-44D7-9FDA-71C6B1B33425}.Release|Any CPU.ActiveCfg = Release|Any CPU
		{1F742DE0-273C-44D7-9FDA-71C6B1B33425}.Release|Any CPU.Build.0 = Release|Any CPU
	EndGlobalSection
	GlobalSection(SolutionProperties) = preSolution
		HideSolutionNode = FALSE
	EndGlobalSection
	GlobalSection(ExtensibilityGlobals) = postSolution
		SolutionGuid = {89CEB68E-C275-4A16-8D24-650848CCC5D5}
	EndGlobalSection
EndGlobal
